
Microsoft Visual Studio Solution File, Format Version 12.00
# Visual Studio 14
VisualStudioVersion = 14.0.25123.0
MinimumVisualStudioVersion = 10.0.40219.1
Project("{8BC9CEB8-8B4A-11D0-8D11-00A0C91BC942}") = "RenderingEngine", "RenderingEngine\RenderingEngine.vcxproj", "{BCB1CE19-F62C-47E0-B144-B963F04F739D}"
EndProject
Project("{8BC9CEB8-8B4A-11D0-8D11-00A0C91BC942}") = "RenderingEngineTest", "RenderingEngineTest\RenderingEngineTest.vcxproj", "{39B62A9E-9F6C-4B71-86AB-C5AAFD9B8598}"
EndProject
Global
	GlobalSection(SolutionConfigurationPlatforms) = preSolution
		Debug|x64 = Debug|x64
		Debug|x86 = Debug|x86
		DLL|x64 = DLL|x64
		DLL|x86 = DLL|x86
		Release|x64 = Release|x64
		Release|x86 = Release|x86
		Test|x64 = Test|x64
		Test|x86 = Test|x86
	EndGlobalSection
	GlobalSection(ProjectConfigurationPlatforms) = postSolution
		{BCB1CE19-F62C-47E0-B144-B963F04F739D}.Debug|x64.ActiveCfg = Debug|x64
		{BCB1CE19-F62C-47E0-B144-B963F04F739D}.Debug|x64.Build.0 = Debug|x64
		{BCB1CE19-F62C-47E0-B144-B963F04F739D}.Debug|x86.ActiveCfg = Debug|Win32
		{BCB1CE19-F62C-47E0-B144-B963F04F739D}.Debug|x86.Build.0 = Debug|Win32
		{BCB1CE19-F62C-47E0-B144-B963F04F739D}.DLL|x64.ActiveCfg = DLL|x64
		{BCB1CE19-F62C-47E0-B144-B963F04F739D}.DLL|x64.Build.0 = DLL|x64
		{BCB1CE19-F62C-47E0-B144-B963F04F739D}.DLL|x86.ActiveCfg = DLL|Win32
		{BCB1CE19-F62C-47E0-B144-B963F04F739D}.DLL|x86.Build.0 = DLL|Win32
		{BCB1CE19-F62C-47E0-B144-B963F04F739D}.Release|x64.ActiveCfg = Release|x64
		{BCB1CE19-F62C-47E0-B144-B963F04F739D}.Release|x64.Build.0 = Release|x64
		{BCB1CE19-F62C-47E0-B144-B963F04F739D}.Release|x86.ActiveCfg = Release|Win32
		{BCB1CE19-F62C-47E0-B144-B963F04F739D}.Release|x86.Build.0 = Release|Win32
		{BCB1CE19-F62C-47E0-B144-B963F04F739D}.Test|x64.ActiveCfg = Test|x64
		{BCB1CE19-F62C-47E0-B144-B963F04F739D}.Test|x64.Build.0 = Test|x64
		{BCB1CE19-F62C-47E0-B144-B963F04F739D}.Test|x86.ActiveCfg = Test|Win32
		{BCB1CE19-F62C-47E0-B144-B963F04F739D}.Test|x86.Build.0 = Test|Win32
		{39B62A9E-9F6C-4B71-86AB-C5AAFD9B8598}.Debug|x64.ActiveCfg = Debug|x64
		{39B62A9E-9F6C-4B71-86AB-C5AAFD9B8598}.Debug|x64.Build.0 = Debug|x64
		{39B62A9E-9F6C-4B71-86AB-C5AAFD9B8598}.Debug|x86.ActiveCfg = Debug|Win32
		{39B62A9E-9F6C-4B71-86AB-C5AAFD9B8598}.Debug|x86.Build.0 = Debug|Win32
		{39B62A9E-9F6C-4B71-86AB-C5AAFD9B8598}.DLL|x64.ActiveCfg = Debug|x64
		{39B62A9E-9F6C-4B71-86AB-C5AAFD9B8598}.DLL|x64.Build.0 = Debug|x64
		{39B62A9E-9F6C-4B71-86AB-C5AAFD9B8598}.DLL|x86.ActiveCfg = Debug|Win32
		{39B62A9E-9F6C-4B71-86AB-C5AAFD9B8598}.DLL|x86.Build.0 = Debug|Win32
		{39B62A9E-9F6C-4B71-86AB-C5AAFD9B8598}.Release|x64.ActiveCfg = Release|x64
		{39B62A9E-9F6C-4B71-86AB-C5AAFD9B8598}.Release|x64.Build.0 = Release|x64
		{39B62A9E-9F6C-4B71-86AB-C5AAFD9B8598}.Release|x86.ActiveCfg = Release|Win32
		{39B62A9E-9F6C-4B71-86AB-C5AAFD9B8598}.Release|x86.Build.0 = Release|Win32
		{39B62A9E-9F6C-4B71-86AB-C5AAFD9B8598}.Test|x64.ActiveCfg = Debug|x64
		{39B62A9E-9F6C-4B71-86AB-C5AAFD9B8598}.Test|x64.Build.0 = Debug|x64
		{39B62A9E-9F6C-4B71-86AB-C5AAFD9B8598}.Test|x86.ActiveCfg = Test|Win32
		{39B62A9E-9F6C-4B71-86AB-C5AAFD9B8598}.Test|x86.Build.0 = Test|Win32
	EndGlobalSection
	GlobalSection(SolutionProperties) = preSolution
		HideSolutionNode = FALSE
	EndGlobalSection
EndGlobal
