<?xml version="1.0" encoding="utf-8"?>
<Project ToolsVersion="4.0" xmlns="http://schemas.microsoft.com/developer/msbuild/2003">
  <ItemGroup>
    <Filter Include="Source Files">
      <UniqueIdentifier>{4FC737F1-C7A5-4376-A066-2A32D752A2FF}</UniqueIdentifier>
      <Extensions>cpp;c;cc;cxx;def;odl;idl;hpj;bat;asm;asmx</Extensions>
    </Filter>
    <Filter Include="Header Files">
      <UniqueIdentifier>{93995380-89BD-4b04-88EB-625FBE52EBFB}</UniqueIdentifier>
      <Extensions>h;hh;hpp;hxx;hm;inl;inc;xsd</Extensions>
    </Filter>
    <Filter Include="Resource Files">
      <UniqueIdentifier>{67DA6AB6-F800-4c08-8B7A-83BB121AAD01}</UniqueIdentifier>
      <Extensions>rc;ico;cur;bmp;dlg;rc2;rct;bin;rgs;gif;jpg;jpeg;jpe;resx;tiff;tif;png;wav;mfcribbon-ms</Extensions>
    </Filter>
    <Filter Include="Source Files\test">
      <UniqueIdentifier>{f5222ad4-0c5b-46ed-9854-b379845273a2}</UniqueIdentifier>
    </Filter>
    <Filter Include="Source Files\test\math">
      <UniqueIdentifier>{40d47988-d172-4e09-8c5e-51e70dbf170c}</UniqueIdentifier>
    </Filter>
    <Filter Include="Header Files\test">
      <UniqueIdentifier>{acbf336f-5340-41b3-96d1-5c436c1651b7}</UniqueIdentifier>
    </Filter>
    <Filter Include="Source Files\test\io">
      <UniqueIdentifier>{d7e06de3-af96-40f3-9013-4d9dc803ec1d}</UniqueIdentifier>
    </Filter>
  </ItemGroup>
  <ItemGroup>
    <ClInclude Include="stdafx.h">
      <Filter>Header Files</Filter>
    </ClInclude>
    <ClInclude Include="targetver.h">
      <Filter>Header Files</Filter>
    </ClInclude>
    <ClInclude Include="string_functions.h">
      <Filter>Header Files\test</Filter>
    </ClInclude>
  </ItemGroup>
  <ItemGroup>
    <ClCompile Include="stdafx.cpp">
      <Filter>Source Files</Filter>
    </ClCompile>
    <ClCompile Include="math_util_test.cpp">
      <Filter>Source Files\test\math</Filter>
    </ClCompile>
    <ClCompile Include="vector3f_test.cpp">
      <Filter>Source Files\test\math</Filter>
    </ClCompile>
    <ClCompile Include="shader_loader_test.cpp">
      <Filter>Source Files\test\io</Filter>
    </ClCompile>
  </ItemGroup>
</Project>