<?xml version="1.0" encoding="utf-8"?>
<Project ToolsVersion="4.0" xmlns="http://schemas.microsoft.com/developer/msbuild/2003">
  <ItemGroup>
    <Filter Include="Source Files">
      <UniqueIdentifier>{4FC737F1-C7A5-4376-A066-2A32D752A2FF}</UniqueIdentifier>
      <Extensions>cpp;c;cc;cxx;def;odl;idl;hpj;bat;asm;asmx</Extensions>
    </Filter>
    <Filter Include="Header Files">
      <UniqueIdentifier>{93995380-89BD-4b04-88EB-625FBE52EBFB}</UniqueIdentifier>
      <Extensions>h;hh;hpp;hxx;hm;inl;inc;xsd</Extensions>
    </Filter>
    <Filter Include="Resource Files">
      <UniqueIdentifier>{67DA6AB6-F800-4c08-8B7A-83BB121AAD01}</UniqueIdentifier>
      <Extensions>rc;ico;cur;bmp;dlg;rc2;rct;bin;rgs;gif;jpg;jpeg;jpe;resx;tiff;tif;png;wav;mfcribbon-ms</Extensions>
    </Filter>
    <Filter Include="Source Files\engine">
      <UniqueIdentifier>{e7a43470-4ff3-4828-bcdc-afa91e64dded}</UniqueIdentifier>
    </Filter>
    <Filter Include="Source Files\engine\math">
      <UniqueIdentifier>{223264af-bb31-4b3a-bff3-5bd1e030ca8d}</UniqueIdentifier>
    </Filter>
    <Filter Include="Header Files\engine">
      <UniqueIdentifier>{d7d98298-dfe2-4e32-8ec5-3ca07e7e87c5}</UniqueIdentifier>
    </Filter>
    <Filter Include="Header Files\engine\math">
      <UniqueIdentifier>{c16db102-5d29-4ca4-8e45-2f5b42a7f71e}</UniqueIdentifier>
    </Filter>
    <Filter Include="Header Files\engine\io">
      <UniqueIdentifier>{75517541-4ba8-4d4b-9150-46db1afba80a}</UniqueIdentifier>
    </Filter>
    <Filter Include="Source Files\engine\io">
      <UniqueIdentifier>{e6384731-968d-4344-b0a1-f94f91e655f0}</UniqueIdentifier>
    </Filter>
    <Filter Include="Header Files\engine\graphics">
      <UniqueIdentifier>{767b38e8-2018-4435-9a0a-6fd5ab525cba}</UniqueIdentifier>
    </Filter>
    <Filter Include="Header Files\engine\graphics\glgraphics">
      <UniqueIdentifier>{8b196247-bda2-44ed-8486-58e4486d695f}</UniqueIdentifier>
    </Filter>
    <Filter Include="Header Files\engine\scene">
      <UniqueIdentifier>{78e8e51b-841a-44c3-b105-666a012e7b4b}</UniqueIdentifier>
    </Filter>
    <Filter Include="Source Files\engine\core">
      <UniqueIdentifier>{fbe5c46e-f4ce-402f-8c50-299f203ca18e}</UniqueIdentifier>
    </Filter>
    <Filter Include="Source Files\engine\core\render">
      <UniqueIdentifier>{4fe18581-929d-4db3-9ae0-f150b662c50d}</UniqueIdentifier>
    </Filter>
    <Filter Include="Header Files\engine\core">
      <UniqueIdentifier>{ffbd5252-f11a-484b-ac8b-c5be3b0f0052}</UniqueIdentifier>
    </Filter>
    <Filter Include="Header Files\engine\core\render">
      <UniqueIdentifier>{719d77ff-87e4-4d87-91ae-6960718f0352}</UniqueIdentifier>
    </Filter>
    <Filter Include="Header Files\engine\core\render\glrender">
      <UniqueIdentifier>{dad1ce6b-50d8-4619-9eb7-fb91645b0ace}</UniqueIdentifier>
    </Filter>
    <Filter Include="Source Files\engine\core\render\glrenderer">
      <UniqueIdentifier>{4523e53e-c907-4e4a-a3db-752cfae5c406}</UniqueIdentifier>
    </Filter>
  </ItemGroup>
  <ItemGroup>
    <ClCompile Include="main.cpp">
      <Filter>Source Files</Filter>
    </ClCompile>
    <ClCompile Include="vector3f.cpp">
      <Filter>Source Files\engine\math</Filter>
    </ClCompile>
    <ClCompile Include="matrix3f.cpp">
      <Filter>Source Files\engine\math</Filter>
    </ClCompile>
    <ClCompile Include="vector4f.cpp">
      <Filter>Source Files\engine\math</Filter>
    </ClCompile>
    <ClCompile Include="matrix4f.cpp">
      <Filter>Source Files\engine\math</Filter>
    </ClCompile>
    <ClCompile Include="matrix_math.cpp">
      <Filter>Source Files\engine\math</Filter>
    </ClCompile>
    <ClCompile Include="quaternion.cpp">
      <Filter>Source Files\engine\math</Filter>
    </ClCompile>
    <ClCompile Include="math_util.cpp">
      <Filter>Source Files\engine\math</Filter>
    </ClCompile>
    <ClCompile Include="shader_loader.cpp">
      <Filter>Source Files\engine\io</Filter>
    </ClCompile>
    <ClCompile Include="engine_config.cpp">
      <Filter>Source Files\engine\core</Filter>
    </ClCompile>
    <ClCompile Include="engine.cpp">
      <Filter>Source Files\engine\core</Filter>
    </ClCompile>
    <ClCompile Include="glrenderer.cpp">
      <Filter>Source Files\engine\core\render\glrenderer</Filter>
    </ClCompile>
    <ClCompile Include="glcontext.cpp">
      <Filter>Source Files\engine\core\render\glrenderer</Filter>
    </ClCompile>
    <ClCompile Include="depth_target.cpp">
      <Filter>Source Files\engine\core\render</Filter>
    </ClCompile>
    <ClCompile Include="render_target.cpp">
      <Filter>Source Files\engine\core\render</Filter>
    </ClCompile>
    <ClCompile Include="gltarget_selector.cpp">
      <Filter>Source Files\engine\core\render\glrenderer</Filter>
    </ClCompile>
    <ClCompile Include="framebuffer_prototype.cpp">
      <Filter>Source Files\engine\core\render</Filter>
    </ClCompile>
    <ClCompile Include="glframebuffer.cpp">
      <Filter>Header Files\engine\core\render\glrender</Filter>
    </ClCompile>
  </ItemGroup>
  <ItemGroup>
    <ClInclude Include="vector3f.h">
      <Filter>Header Files\engine\math</Filter>
    </ClInclude>
    <ClInclude Include="matrix3f.h">
      <Filter>Header Files\engine\math</Filter>
    </ClInclude>
    <ClInclude Include="vector4f.h">
      <Filter>Header Files\engine\math</Filter>
    </ClInclude>
    <ClInclude Include="matrix4f.h">
      <Filter>Header Files\engine\math</Filter>
    </ClInclude>
    <ClInclude Include="matrix_math.h">
      <Filter>Header Files\engine\math</Filter>
    </ClInclude>
    <ClInclude Include="quaternion.h">
      <Filter>Header Files\engine\math</Filter>
    </ClInclude>
    <ClInclude Include="math_util.h">
      <Filter>Header Files\engine\math</Filter>
    </ClInclude>
    <ClInclude Include="stdinc.h">
      <Filter>Header Files\engine</Filter>
    </ClInclude>
    <ClInclude Include="shader_loader.h">
      <Filter>Header Files\engine\io</Filter>
    </ClInclude>
    <ClInclude Include="model_loader.h">
      <Filter>Header Files\engine\io</Filter>
    </ClInclude>
    <ClInclude Include="texture_loader.h">
      <Filter>Header Files\engine\io</Filter>
    </ClInclude>
    <ClInclude Include="mesh_pool.h">
      <Filter>Header Files\engine\graphics</Filter>
    </ClInclude>
    <ClInclude Include="texture_pool.h">
      <Filter>Header Files\engine\graphics</Filter>
    </ClInclude>
    <ClInclude Include="program_pool.h">
      <Filter>Header Files\engine\graphics</Filter>
    </ClInclude>
    <ClInclude Include="mesh.h">
      <Filter>Header Files\engine\graphics</Filter>
    </ClInclude>
    <ClInclude Include="texture.h">
      <Filter>Header Files\engine\graphics</Filter>
    </ClInclude>
    <ClInclude Include="program.h">
      <Filter>Header Files\engine\graphics</Filter>
    </ClInclude>
    <ClInclude Include="glmesh.h">
      <Filter>Header Files\engine\graphics\glgraphics</Filter>
    </ClInclude>
    <ClInclude Include="gltexture.h">
      <Filter>Header Files\engine\graphics\glgraphics</Filter>
    </ClInclude>
    <ClInclude Include="glprogram.h">
      <Filter>Header Files\engine\graphics\glgraphics</Filter>
    </ClInclude>
    <ClInclude Include="scene.h">
      <Filter>Header Files\engine\scene</Filter>
    </ClInclude>
    <ClInclude Include="engine_config.h">
      <Filter>Header Files\engine\core</Filter>
    </ClInclude>
    <ClInclude Include="engine.h">
      <Filter>Header Files\engine\core</Filter>
    </ClInclude>
    <ClInclude Include="renderer.h">
      <Filter>Header Files\engine\core\render</Filter>
    </ClInclude>
    <ClInclude Include="glrenderer.h">
      <Filter>Header Files\engine\core\render\glrender</Filter>
    </ClInclude>
    <ClInclude Include="input.h">
      <Filter>Header Files\engine\io</Filter>
    </ClInclude>
    <ClInclude Include="context.h">
      <Filter>Header Files\engine\core\render</Filter>
    </ClInclude>
    <ClInclude Include="glcontext.h">
      <Filter>Header Files\engine\core\render\glrender</Filter>
    </ClInclude>
    <ClInclude Include="render_target_types.h">
      <Filter>Header Files\engine\core\render</Filter>
    </ClInclude>
    <ClInclude Include="render_pass.h">
      <Filter>Header Files\engine\core\render</Filter>
    </ClInclude>
    <ClInclude Include="render_target.h">
      <Filter>Header Files\engine\core\render</Filter>
    </ClInclude>
    <ClInclude Include="render_output_registry.h">
      <Filter>Header Files\engine\core\render</Filter>
    </ClInclude>
    <ClInclude Include="depth_target.h">
      <Filter>Header Files\engine\core\render</Filter>
    </ClInclude>
    <ClInclude Include="gltarget_selector.h">
      <Filter>Header Files\engine\core\render\glrender</Filter>
    </ClInclude>
    <ClInclude Include="framebuffer_prototype.h">
      <Filter>Header Files\engine\core\render</Filter>
    </ClInclude>
    <ClInclude Include="object_metadata.h">
      <Filter>Header Files\engine\graphics</Filter>
    </ClInclude>
    <ClInclude Include="glframebuffermanager.h">
      <Filter>Header Files\engine\core\render\glrender</Filter>
    </ClInclude>
  </ItemGroup>
</Project>